
Microsoft Visual Studio Solution File, Format Version 12.00
# Visual Studio Version 16
VisualStudioVersion = 16.0.32510.428
MinimumVisualStudioVersion = 10.0.40219.1
Project("{FAE04EC0-301F-11D3-BF4B-00C04F79EFBC}") = "Exercicio Fixacao Metodos Abstratos", "Exercicio Fixacao Metodos Abstratos\Exercicio Fixacao Metodos Abstratos.csproj", "{247B05C4-B583-482A-967C-EECB05001BC4}"
EndProject
Global
	GlobalSection(SolutionConfigurationPlatforms) = preSolution
		Debug|Any CPU = Debug|Any CPU
		Release|Any CPU = Release|Any CPU
	EndGlobalSection
	GlobalSection(ProjectConfigurationPlatforms) = postSolution
		{247B05C4-B583-482A-967C-EECB05001BC4}.Debug|Any CPU.ActiveCfg = Debug|Any CPU
		{247B05C4-B583-482A-967C-EECB05001BC4}.Debug|Any CPU.Build.0 = Debug|Any CPU
		{247B05C4-B583-482A-967C-EECB05001BC4}.Release|Any CPU.ActiveCfg = Release|Any CPU
		{247B05C4-B583-482A-967C-EECB05001BC4}.Release|Any CPU.Build.0 = Release|Any CPU
	EndGlobalSection
	GlobalSection(SolutionProperties) = preSolution
		HideSolutionNode = FALSE
	EndGlobalSection
	GlobalSection(ExtensibilityGlobals) = postSolution
		SolutionGuid = {C1CA74B0-19B3-4722-A030-DEBF81D9821A}
	EndGlobalSection
EndGlobal
